{
  "name": "aegis-arun",
  "version": "0.2.2",
  "lockfileVersion": 3,
  "requires": true,
  "packages": {
    "": {
      "name": "aegis-arun",
      "version": "0.2.2",
      "hasInstallScript": true,
      "license": "MIT",
      "bin": {
        "aegis": "bin/aegis.mjs",
        "arun": "bin/aegis.mjs"
      },
      "engines": {
        "node": ">=20"
      }
    }
  }
}
